{
  "originHash" : "5788ddb3b58044ed06aaad0ab41d864e6b28f442bdbdde1319eed04e34530cba",
  "pins" : [
    {
      "identity" : "bluetoothcommonkit",
      "kind" : "remoteSourceControl",
      "location" : "git@github.com:tidepool-org/BluetoothCommonKit.git",
      "state" : {
        "branch" : "dev",
        "revision" : "5233e35173564fd29258ddbac6c1abd809ed0cfa"
      }
    },
    {
      "identity" : "cryptoswift",
      "kind" : "remoteSourceControl",
      "location" : "git@github.com:krzyzanowskim/CryptoSwift.git",
      "state" : {
        "revision" : "e45a26384239e028ec87fbcc788f513b67e10d8f",
        "version" : "1.9.0"
      }
    },
    {
      "identity" : "insulindeliveryservicekit",
      "kind" : "remoteSourceControl",
      "location" : "git@github.com:tidepool-org/InsulinDeliveryServiceKit.git",
      "state" : {
        "branch" : "nate/ids-2.0",
        "revision" : "35e1687b47fc2dccf3dce07a5dfb6e694a8021f3"
      }
    }
  ],
  "version" : 3
}
