{
  "originHash" : "5788ddb3b58044ed06aaad0ab41d864e6b28f442bdbdde1319eed04e34530cba",
  "pins" : [
    {
      "identity" : "bluetoothcommonkit",
      "kind" : "remoteSourceControl",
      "location" : "git@github.com:tidepool-org/BluetoothCommonKit.git",
      "state" : {
        "branch" : "nate/crash-fix",
        "revision" : "ee168bfaa9358077a574dd65dd1177e5fb9aefae"
      }
    },
    {
      "identity" : "cryptoswift",
      "kind" : "remoteSourceControl",
      "location" : "git@github.com:krzyzanowskim/CryptoSwift.git",
      "state" : {
        "revision" : "e45a26384239e028ec87fbcc788f513b67e10d8f",
        "version" : "1.9.0"
      }
    },
    {
      "identity" : "insulindeliveryservicekit",
      "kind" : "remoteSourceControl",
      "location" : "git@github.com:tidepool-org/InsulinDeliveryServiceKit.git",
      "state" : {
        "branch" : "nate/crash-fix",
        "revision" : "a49f81daa45061bd920f57ba471c35286f3ca396"
      }
    }
  ],
  "version" : 3
}
